# Exact Windows dependency lock for SKYWriter.
# Resolved with CPython 3.12 on 2026-08-24 from the direct pins in pyproject.toml.
ast-serialize==0.8.0
colorama==0.4.6
future==1.0.0
iniconfig==2.3.0
librt==0.15.0
lxml==5.3.2
mypy==2.3.1
mypy_extensions==1.1.0
packaging==26.3
pathspec==1.1.1
pluggy==1.6.0
Pygments==2.20.0
PySide6-Addons==6.11.1
PySide6-Essentials==6.11.1
pymavlink==2.4.41
pyserial==3.5
pytest==9.1.1
ruff==0.16.3
setuptools==84.0.0
shiboken6==6.11.1
typing_extensions==4.16.0
